{
  "version": 4,
  "terraform_version": "1.13.3",
  "serial": 12,
  "lineage": "e8e2f497-def5-3214-8fa3-966b6d94934d",
  "outputs": {
    "public_ip": {
      "value": "56.228.45.59",
      "type": "string"
    },
    "secret_arn": {
      "value": "arn:aws:secretsmanager:eu-north-1:685197708573:secret:tally/app-J3158z",
      "type": "string"
    },
    "ssh_command": {
      "value": "ssh -i ~/.ssh/tally_ec2 ubuntu@56.228.45.59",
      "type": "string"
    }
  },
  "resources": [
    {
      "mode": "data",
      "type": "aws_ami",
      "name": "ubuntu",
      "provider": "provider[\"registry.terraform.io/hashicorp/aws\"]",
      "instances": [
        {
          "schema_version": 0,
          "attributes": {
            "architecture": "x86_64",
            "arn": "arn:aws:ec2:eu-north-1::image/ami-0122da1d0b4a30ec4",
            "block_device_mappings": [
              {
                "device_name": "/dev/sda1",
                "ebs": {
                  "delete_on_termination": "true",
                  "encrypted": "false",
                  "iops": "0",
                  "snapshot_id": "snap-0c3ede54d21a757ed",
                  "throughput": "0",
                  "volume_initialization_rate": "0",
                  "volume_size": "8",
                  "volume_type": "gp3"
                },
                "no_device": "",
                "virtual_name": ""
              },
              {
                "device_name": "/dev/sdb",
                "ebs": {},
                "no_device": "",
                "virtual_name": "ephemeral0"
              },
              {
                "device_name": "/dev/sdc",
                "ebs": {},
                "no_device": "",
                "virtual_name": "ephemeral1"
              }
            ],
            "boot_mode": "uefi-preferred",
            "creation_date": "2026-05-15T10:56:35.000Z",
            "deprecation_time": "2028-05-15T10:56:35.000Z",
            "description": "Canonical, Ubuntu, 24.04, amd64 noble image",
            "ena_support": true,
            "executable_users": null,
            "filter": [
              {
                "name": "name",
                "values": [
                  "ubuntu/images/hvm-ssd-gp3/ubuntu-noble-24.04-amd64-server-*"
                ]
              },
              {
                "name": "virtualization-type",
                "values": [
                  "hvm"
                ]
              }
            ],
            "hypervisor": "xen",
            "id": "ami-0122da1d0b4a30ec4",
            "image_id": "ami-0122da1d0b4a30ec4",
            "image_location": "amazon/ubuntu/images/hvm-ssd-gp3/ubuntu-noble-24.04-amd64-server-20260515",
            "image_owner_alias": "amazon",
            "image_type": "machine",
            "imds_support": "v2.0",
            "include_deprecated": false,
            "kernel_id": "",
            "last_launched_time": "",
            "most_recent": true,
            "name": "ubuntu/images/hvm-ssd-gp3/ubuntu-noble-24.04-amd64-server-20260515",
            "name_regex": null,
            "owner_id": "099720109477",
            "owners": [
              "099720109477"
            ],
            "platform": "",
            "platform_details": "Linux/UNIX",
            "product_codes": [],
            "public": true,
            "ramdisk_id": "",
            "root_device_name": "/dev/sda1",
            "root_device_type": "ebs",
            "root_snapshot_id": "snap-0c3ede54d21a757ed",
            "sriov_net_support": "simple",
            "state": "available",
            "state_reason": {
              "code": "UNSET",
              "message": "UNSET"
            },
            "tags": {},
            "timeouts": null,
            "tpm_support": "",
            "uefi_data": null,
            "usage_operation": "RunInstances",
            "virtualization_type": "hvm"
          },
          "sensitive_attributes": [],
          "identity_schema_version": 0
        }
      ]
    },
    {
      "mode": "managed",
      "type": "aws_eip",
      "name": "tally",
      "provider": "provider[\"registry.terraform.io/hashicorp/aws\"]",
      "instances": [
        {
          "schema_version": 0,
          "attributes": {
            "address": null,
            "allocation_id": "eipalloc-033966f85091c4b86",
            "arn": "arn:aws:ec2:eu-north-1:685197708573:elastic-ip/eipalloc-033966f85091c4b86",
            "associate_with_private_ip": null,
            "association_id": "eipassoc-0c1ac84b849fee1d3",
            "carrier_ip": "",
            "customer_owned_ip": "",
            "customer_owned_ipv4_pool": "",
            "domain": "vpc",
            "id": "eipalloc-033966f85091c4b86",
            "instance": "i-01cb40f6fe5f851e3",
            "ipam_pool_id": null,
            "network_border_group": "eu-north-1",
            "network_interface": "eni-04d88d0b23184f793",
            "private_dns": "ip-172-31-9-93.eu-north-1.compute.internal",
            "private_ip": "172.31.9.93",
            "ptr_record": "",
            "public_dns": "ec2-56-228-45-59.eu-north-1.compute.amazonaws.com",
            "public_ip": "56.228.45.59",
            "public_ipv4_pool": "amazon",
            "tags": {
              "Name": "tally-eip"
            },
            "tags_all": {
              "Name": "tally-eip"
            },
            "timeouts": null,
            "vpc": true
          },
          "sensitive_attributes": [],
          "identity_schema_version": 0,
          "private": "eyJlMmJmYjczMC1lY2FhLTExZTYtOGY4OC0zNDM2M2JjN2M0YzAiOnsiZGVsZXRlIjoxODAwMDAwMDAwMDAsInJlYWQiOjkwMDAwMDAwMDAwMCwidXBkYXRlIjozMDAwMDAwMDAwMDB9fQ==",
          "dependencies": [
            "aws_iam_instance_profile.tally",
            "aws_iam_role.tally_ec2",
            "aws_instance.tally",
            "aws_key_pair.tally",
            "aws_security_group.tally",
            "data.aws_ami.ubuntu"
          ]
        }
      ]
    },
    {
      "mode": "managed",
      "type": "aws_iam_instance_profile",
      "name": "tally",
      "provider": "provider[\"registry.terraform.io/hashicorp/aws\"]",
      "instances": [
        {
          "schema_version": 0,
          "attributes": {
            "arn": "arn:aws:iam::685197708573:instance-profile/tally-ec2-profile",
            "create_date": "2026-05-21T14:16:50Z",
            "id": "tally-ec2-profile",
            "name": "tally-ec2-profile",
            "name_prefix": "",
            "path": "/",
            "role": "tally-ec2-role",
            "tags": null,
            "tags_all": {},
            "unique_id": "AIPAZ7CHXJUOZGBDQPOXL"
          },
          "sensitive_attributes": [],
          "identity_schema_version": 0,
          "private": "bnVsbA==",
          "dependencies": [
            "aws_iam_role.tally_ec2"
          ]
        }
      ]
    },
    {
      "mode": "managed",
      "type": "aws_iam_role",
      "name": "tally_ec2",
      "provider": "provider[\"registry.terraform.io/hashicorp/aws\"]",
      "instances": [
        {
          "schema_version": 0,
          "attributes": {
            "arn": "arn:aws:iam::685197708573:role/tally-ec2-role",
            "assume_role_policy": "{\"Statement\":[{\"Action\":\"sts:AssumeRole\",\"Effect\":\"Allow\",\"Principal\":{\"Service\":\"ec2.amazonaws.com\"}}],\"Version\":\"2012-10-17\"}",
            "create_date": "2026-05-21T14:16:49Z",
            "description": "",
            "force_detach_policies": false,
            "id": "tally-ec2-role",
            "inline_policy": [],
            "managed_policy_arns": [],
            "max_session_duration": 3600,
            "name": "tally-ec2-role",
            "name_prefix": "",
            "path": "/",
            "permissions_boundary": "",
            "tags": {
              "App": "tally"
            },
            "tags_all": {
              "App": "tally"
            },
            "unique_id": "AROAZ7CHXJUOXWRSZ6BNF"
          },
          "sensitive_attributes": [],
          "identity_schema_version": 0,
          "private": "bnVsbA=="
        }
      ]
    },
    {
      "mode": "managed",
      "type": "aws_iam_role_policy",
      "name": "tally_secrets",
      "provider": "provider[\"registry.terraform.io/hashicorp/aws\"]",
      "instances": [
        {
          "schema_version": 0,
          "attributes": {
            "id": "tally-ec2-role:tally-read-secrets",
            "name": "tally-read-secrets",
            "name_prefix": "",
            "policy": "{\"Version\":\"2012-10-17\",\"Statement\":[{\"Action\":[\"secretsmanager:GetSecretValue\"],\"Effect\":\"Allow\",\"Resource\":\"arn:aws:secretsmanager:eu-north-1:685197708573:secret:tally/app-J3158z\"}]}",
            "role": "tally-ec2-role"
          },
          "sensitive_attributes": [],
          "identity_schema_version": 0,
          "private": "bnVsbA==",
          "dependencies": [
            "aws_iam_role.tally_ec2",
            "aws_secretsmanager_secret.tally"
          ]
        }
      ]
    },
    {
      "mode": "managed",
      "type": "aws_instance",
      "name": "tally",
      "provider": "provider[\"registry.terraform.io/hashicorp/aws\"]",
      "instances": [
        {
          "schema_version": 1,
          "attributes": {
            "ami": "ami-0122da1d0b4a30ec4",
            "arn": "arn:aws:ec2:eu-north-1:685197708573:instance/i-01cb40f6fe5f851e3",
            "associate_public_ip_address": true,
            "availability_zone": "eu-north-1c",
            "capacity_reservation_specification": [
              {
                "capacity_reservation_preference": "open",
                "capacity_reservation_target": []
              }
            ],
            "cpu_core_count": 1,
            "cpu_options": [
              {
                "amd_sev_snp": "",
                "core_count": 1,
                "threads_per_core": 2
              }
            ],
            "cpu_threads_per_core": 2,
            "credit_specification": [
              {
                "cpu_credits": "unlimited"
              }
            ],
            "disable_api_stop": false,
            "disable_api_termination": false,
            "ebs_block_device": [],
            "ebs_optimized": false,
            "enable_primary_ipv6": null,
            "enclave_options": [
              {
                "enabled": false
              }
            ],
            "ephemeral_block_device": [],
            "get_password_data": false,
            "hibernation": false,
            "host_id": "",
            "host_resource_group_arn": null,
            "iam_instance_profile": "tally-ec2-profile",
            "id": "i-01cb40f6fe5f851e3",
            "instance_initiated_shutdown_behavior": "stop",
            "instance_lifecycle": "",
            "instance_market_options": [],
            "instance_state": "running",
            "instance_type": "t3.small",
            "ipv6_address_count": 0,
            "ipv6_addresses": [],
            "key_name": "tally-key",
            "launch_template": [],
            "maintenance_options": [
              {
                "auto_recovery": "default"
              }
            ],
            "metadata_options": [
              {
                "http_endpoint": "enabled",
                "http_protocol_ipv6": "disabled",
                "http_put_response_hop_limit": 2,
                "http_tokens": "required",
                "instance_metadata_tags": "disabled"
              }
            ],
            "monitoring": false,
            "network_interface": [],
            "outpost_arn": "",
            "password_data": "",
            "placement_group": "",
            "placement_partition_number": 0,
            "primary_network_interface_id": "eni-04d88d0b23184f793",
            "private_dns": "ip-172-31-9-93.eu-north-1.compute.internal",
            "private_dns_name_options": [
              {
                "enable_resource_name_dns_a_record": false,
                "enable_resource_name_dns_aaaa_record": false,
                "hostname_type": "ip-name"
              }
            ],
            "private_ip": "172.31.9.93",
            "public_dns": "ec2-56-228-45-59.eu-north-1.compute.amazonaws.com",
            "public_ip": "56.228.45.59",
            "root_block_device": [
              {
                "delete_on_termination": true,
                "device_name": "/dev/sda1",
                "encrypted": false,
                "iops": 3000,
                "kms_key_id": "",
                "tags": {},
                "tags_all": {},
                "throughput": 125,
                "volume_id": "vol-07f05bf1985a1a395",
                "volume_size": 20,
                "volume_type": "gp3"
              }
            ],
            "secondary_private_ips": [],
            "security_groups": [
              "tally-sg"
            ],
            "source_dest_check": true,
            "spot_instance_request_id": "",
            "subnet_id": "subnet-08a785c01c4d2be38",
            "tags": {
              "Name": "tally-invoice-tracker"
            },
            "tags_all": {
              "Name": "tally-invoice-tracker"
            },
            "tenancy": "default",
            "timeouts": null,
            "user_data": "967abd751ae1d482950c3e6000a022693aba80ae",
            "user_data_base64": null,
            "user_data_replace_on_change": false,
            "volume_tags": null,
            "vpc_security_group_ids": [
              "sg-0511d3ca519f5e5cd"
            ]
          },
          "sensitive_attributes": [],
          "identity_schema_version": 0,
          "private": "eyJlMmJmYjczMC1lY2FhLTExZTYtOGY4OC0zNDM2M2JjN2M0YzAiOnsiY3JlYXRlIjo2MDAwMDAwMDAwMDAsImRlbGV0ZSI6MTIwMDAwMDAwMDAwMCwicmVhZCI6OTAwMDAwMDAwMDAwLCJ1cGRhdGUiOjYwMDAwMDAwMDAwMH0sInNjaGVtYV92ZXJzaW9uIjoiMSJ9",
          "dependencies": [
            "aws_iam_instance_profile.tally",
            "aws_iam_role.tally_ec2",
            "aws_key_pair.tally",
            "aws_security_group.tally",
            "data.aws_ami.ubuntu"
          ]
        }
      ]
    },
    {
      "mode": "managed",
      "type": "aws_key_pair",
      "name": "tally",
      "provider": "provider[\"registry.terraform.io/hashicorp/aws\"]",
      "instances": [
        {
          "schema_version": 1,
          "attributes": {
            "arn": "arn:aws:ec2:eu-north-1:685197708573:key-pair/tally-key",
            "fingerprint": "38:fd:83:d2:32:4f:bd:d7:58:2a:41:a3:fd:de:2a:d6",
            "id": "tally-key",
            "key_name": "tally-key",
            "key_name_prefix": "",
            "key_pair_id": "key-0f6c5fcf0812ad336",
            "key_type": "rsa",
            "public_key": "ssh-rsa AAAAB3NzaC1yc2EAAAADAQABAAACAQCxjiNy0XHrEwFh6eXaJJQJWce/d3Xc6n4RAmTL7obPPgvYTgzkF53OcW9Yk5Dl7TdNSBK4Z9nX4a18I/9AJIhudn3IaldhAEBtiS7PGtI2voEzPNm/dtV6srvmFjwR7HJ+ygg9PqYzwXkD2vWZ4J3ILPUi70sG1zTKFxuMncDKeR+GMhxstxgUHXs8INDww/EzUBLd6ARLdfWYETRunINgVWfO9/gxiXVwImzV4MgIAOzKRyPg5qy1/dTNJKt9jBN1ad8x2WnjXELMxWObfhygFM3us/VwymnGZoSGLswg04q5xxsdL9Dao65gL2giVTaa6imWL1SmDl01XY4vvDN8O7LkO6sfoVngT4SZJihX17aPFGJIeAmo22U4QEzuITHxF30vhFvUN2NMZ5Q3MUM7UnUubUptuRafhAtrGIXxDErJQ/crEz+BY1qjGvfn8fZQnEGJ3sZEtwkGImbWocBs/8R48HinHZAFSExVpSyCgZOKGyv8ZA/QbxDoA0+lQetTLdfQ9w983Xf6BIOuTwn6pzxNtDCLu0ygYRkCcpngHovlD1BLVAamgyi41QGgKloMur68nfEsJ3DEKCzf0P8UUn53rs6uikkAZwwqyYtn2TBoN7njeO4zCBg1ebFU5RkDG/109MXDt0Qi+4ecWVhtnLYPll5R99oaj+zIXOP//Q== candiceyeatman@Candices-Air.home",
            "tags": {},
            "tags_all": {}
          },
          "sensitive_attributes": [],
          "identity_schema_version": 0,
          "private": "eyJzY2hlbWFfdmVyc2lvbiI6IjEifQ=="
        }
      ]
    },
    {
      "mode": "managed",
      "type": "aws_secretsmanager_secret",
      "name": "tally",
      "provider": "provider[\"registry.terraform.io/hashicorp/aws\"]",
      "instances": [
        {
          "schema_version": 0,
          "attributes": {
            "arn": "arn:aws:secretsmanager:eu-north-1:685197708573:secret:tally/app-J3158z",
            "description": "Tally Invoice Tracker runtime secrets",
            "force_overwrite_replica_secret": false,
            "id": "arn:aws:secretsmanager:eu-north-1:685197708573:secret:tally/app-J3158z",
            "kms_key_id": "",
            "name": "tally/app",
            "name_prefix": "",
            "policy": "",
            "recovery_window_in_days": 0,
            "replica": [],
            "tags": {
              "App": "tally"
            },
            "tags_all": {
              "App": "tally"
            }
          },
          "sensitive_attributes": [],
          "identity_schema_version": 0,
          "private": "bnVsbA=="
        }
      ]
    },
    {
      "mode": "managed",
      "type": "aws_secretsmanager_secret_version",
      "name": "tally",
      "provider": "provider[\"registry.terraform.io/hashicorp/aws\"]",
      "instances": [
        {
          "schema_version": 0,
          "attributes": {
            "arn": "arn:aws:secretsmanager:eu-north-1:685197708573:secret:tally/app-J3158z",
            "has_secret_string_wo": null,
            "id": "arn:aws:secretsmanager:eu-north-1:685197708573:secret:tally/app-J3158z|terraform-20260521141650060500000002",
            "secret_binary": "",
            "secret_id": "arn:aws:secretsmanager:eu-north-1:685197708573:secret:tally/app-J3158z",
            "secret_string": "{\"EMAIL_FROM\":\"\",\"EMAIL_FROM_NAME\":\"Tally\",\"EMAIL_PASSWORD\":\"\",\"EMAIL_PORT\":\"587\",\"EMAIL_SMTP\":\"smtp.gmail.com\",\"EMAIL_USERNAME\":\"\",\"JWT_KEY\":\"super_secret_key_for_tally_minimum_32_chars!!\",\"POSTGRES_PASSWORD\":\"changeme\"}",
            "secret_string_wo": null,
            "secret_string_wo_version": null,
            "version_id": "terraform-20260521141650060500000002",
            "version_stages": [
              "AWSCURRENT"
            ]
          },
          "sensitive_attributes": [
            [
              {
                "type": "get_attr",
                "value": "secret_binary"
              }
            ],
            [
              {
                "type": "get_attr",
                "value": "secret_string"
              }
            ],
            [
              {
                "type": "get_attr",
                "value": "secret_string_wo"
              }
            ]
          ],
          "identity_schema_version": 0,
          "private": "bnVsbA==",
          "dependencies": [
            "aws_secretsmanager_secret.tally"
          ]
        }
      ]
    },
    {
      "mode": "managed",
      "type": "aws_security_group",
      "name": "tally",
      "provider": "provider[\"registry.terraform.io/hashicorp/aws\"]",
      "instances": [
        {
          "schema_version": 1,
          "attributes": {
            "arn": "arn:aws:ec2:eu-north-1:685197708573:security-group/sg-0511d3ca519f5e5cd",
            "description": "Tally Invoice Tracker",
            "egress": [
              {
                "cidr_blocks": [
                  "0.0.0.0/0"
                ],
                "description": "",
                "from_port": 0,
                "ipv6_cidr_blocks": [],
                "prefix_list_ids": [],
                "protocol": "-1",
                "security_groups": [],
                "self": false,
                "to_port": 0
              }
            ],
            "id": "sg-0511d3ca519f5e5cd",
            "ingress": [
              {
                "cidr_blocks": [
                  "0.0.0.0/0"
                ],
                "description": "",
                "from_port": 22,
                "ipv6_cidr_blocks": [],
                "prefix_list_ids": [],
                "protocol": "tcp",
                "security_groups": [],
                "self": false,
                "to_port": 22
              },
              {
                "cidr_blocks": [
                  "0.0.0.0/0"
                ],
                "description": "",
                "from_port": 443,
                "ipv6_cidr_blocks": [],
                "prefix_list_ids": [],
                "protocol": "tcp",
                "security_groups": [],
                "self": false,
                "to_port": 443
              },
              {
                "cidr_blocks": [
                  "0.0.0.0/0"
                ],
                "description": "",
                "from_port": 80,
                "ipv6_cidr_blocks": [],
                "prefix_list_ids": [],
                "protocol": "tcp",
                "security_groups": [],
                "self": false,
                "to_port": 80
              }
            ],
            "name": "tally-sg",
            "name_prefix": "",
            "owner_id": "685197708573",
            "revoke_rules_on_delete": false,
            "tags": {
              "Name": "tally-sg"
            },
            "tags_all": {
              "Name": "tally-sg"
            },
            "timeouts": null,
            "vpc_id": "vpc-02809e2d9d0ed80a5"
          },
          "sensitive_attributes": [],
          "identity_schema_version": 0,
          "private": "eyJlMmJmYjczMC1lY2FhLTExZTYtOGY4OC0zNDM2M2JjN2M0YzAiOnsiY3JlYXRlIjo2MDAwMDAwMDAwMDAsImRlbGV0ZSI6OTAwMDAwMDAwMDAwfSwic2NoZW1hX3ZlcnNpb24iOiIxIn0="
        }
      ]
    }
  ],
  "check_results": null
}
